
Microsoft Visual Studio Solution File, Format Version 12.00
# Visual Studio Version 16
VisualStudioVersion = 16.0.29424.173
MinimumVisualStudioVersion = 10.0.40219.1
Project("{FAE04EC0-301F-11D3-BF4B-00C04F79EFBC}") = "UdemyWebApi", "UdemyWebApi\UdemyWebApi.csproj", "{1524F61E-2948-429B-A2FA-7E627C3E78A1}"
EndProject
Global
	GlobalSection(SolutionConfigurationPlatforms) = preSolution
		Debug|Any CPU = Debug|Any CPU
		Release|Any CPU = Release|Any CPU
	EndGlobalSection
	GlobalSection(ProjectConfigurationPlatforms) = postSolution
		{1524F61E-2948-429B-A2FA-7E627C3E78A1}.Debug|Any CPU.ActiveCfg = Debug|Any CPU
		{1524F61E-2948-429B-A2FA-7E627C3E78A1}.Debug|Any CPU.Build.0 = Debug|Any CPU
		{1524F61E-2948-429B-A2FA-7E627C3E78A1}.Release|Any CPU.ActiveCfg = Release|Any CPU
		{1524F61E-2948-429B-A2FA-7E627C3E78A1}.Release|Any CPU.Build.0 = Release|Any CPU
	EndGlobalSection
	GlobalSection(SolutionProperties) = preSolution
		HideSolutionNode = FALSE
	EndGlobalSection
	GlobalSection(ExtensibilityGlobals) = postSolution
		SolutionGuid = {63391087-B5D5-4A1A-BD88-A7E186BF20BE}
	EndGlobalSection
EndGlobal
